
Microsoft Visual Studio Solution File, Format Version 12.00
# Visual Studio 15
VisualStudioVersion = 15.0.28307.168
MinimumVisualStudioVersion = 10.0.40219.1
Project("{FAE04EC0-301F-11D3-BF4B-00C04F79EFBC}") = "PersonelTakip", "PersonelTakip\PersonelTakip.csproj", "{84D0E773-260B-4EE3-8824-BF1E1A47C185}"
EndProject
Global
	GlobalSection(SolutionConfigurationPlatforms) = preSolution
		Debug|Any CPU = Debug|Any CPU
		Release|Any CPU = Release|Any CPU
	EndGlobalSection
	GlobalSection(ProjectConfigurationPlatforms) = postSolution
		{84D0E773-260B-4EE3-8824-BF1E1A47C185}.Debug|Any CPU.ActiveCfg = Debug|Any CPU
		{84D0E773-260B-4EE3-8824-BF1E1A47C185}.Debug|Any CPU.Build.0 = Debug|Any CPU
		{84D0E773-260B-4EE3-8824-BF1E1A47C185}.Release|Any CPU.ActiveCfg = Release|Any CPU
		{84D0E773-260B-4EE3-8824-BF1E1A47C185}.Release|Any CPU.Build.0 = Release|Any CPU
	EndGlobalSection
	GlobalSection(SolutionProperties) = preSolution
		HideSolutionNode = FALSE
	EndGlobalSection
	GlobalSection(ExtensibilityGlobals) = postSolution
		SolutionGuid = {3AE2D8B8-9F14-42BB-9854-90D7DC5F9187}
	EndGlobalSection
EndGlobal
